
Microsoft Visual Studio Solution File, Format Version 12.00
# Visual Studio Version 17
VisualStudioVersion = 17.3.32825.248
MinimumVisualStudioVersion = 10.0.40219.1
Project("{FAE04EC0-301F-11D3-BF4B-00C04F79EFBC}") = "lab", "lab\lab.csproj", "{12C53928-899D-427A-87FF-AF15F53F4748}"
EndProject
Global
	GlobalSection(SolutionConfigurationPlatforms) = preSolution
		Debug|Any CPU = Debug|Any CPU
		Release|Any CPU = Release|Any CPU
	EndGlobalSection
	GlobalSection(ProjectConfigurationPlatforms) = postSolution
		{12C53928-899D-427A-87FF-AF15F53F4748}.Debug|Any CPU.ActiveCfg = Debug|Any CPU
		{12C53928-899D-427A-87FF-AF15F53F4748}.Debug|Any CPU.Build.0 = Debug|Any CPU
		{12C53928-899D-427A-87FF-AF15F53F4748}.Release|Any CPU.ActiveCfg = Release|Any CPU
		{12C53928-899D-427A-87FF-AF15F53F4748}.Release|Any CPU.Build.0 = Release|Any CPU
	EndGlobalSection
	GlobalSection(SolutionProperties) = preSolution
		HideSolutionNode = FALSE
	EndGlobalSection
	GlobalSection(ExtensibilityGlobals) = postSolution
		SolutionGuid = {F8E8D65D-1EAE-458C-BB4B-6FCD5E43D041}
	EndGlobalSection
EndGlobal
